
Microsoft Visual Studio Solution File, Format Version 12.00
# Visual Studio 2012
Project("{FAE04EC0-301F-11D3-BF4B-00C04F79EFBC}") = "PushLocal", "PushLocal.csproj", "{40F33F8F-E2FC-4BE6-9023-E39B973AE135}"
EndProject
Project("{FAE04EC0-301F-11D3-BF4B-00C04F79EFBC}") = "PushLocal-Windows", "PushLocal-Windows\PushLocal-Windows.csproj", "{CEDDA721-4947-42BD-BDB9-A789081FEA2A}"
EndProject
Global
	GlobalSection(SolutionConfigurationPlatforms) = preSolution
		Debug|x86 = Debug|x86
		Release|x86 = Release|x86
	EndGlobalSection
	GlobalSection(ProjectConfigurationPlatforms) = postSolution
		{40F33F8F-E2FC-4BE6-9023-E39B973AE135}.Debug|x86.ActiveCfg = Debug|x86
		{40F33F8F-E2FC-4BE6-9023-E39B973AE135}.Debug|x86.Build.0 = Debug|x86
		{40F33F8F-E2FC-4BE6-9023-E39B973AE135}.Release|x86.ActiveCfg = Release|x86
		{40F33F8F-E2FC-4BE6-9023-E39B973AE135}.Release|x86.Build.0 = Release|x86
		{CEDDA721-4947-42BD-BDB9-A789081FEA2A}.Debug|x86.ActiveCfg = Debug|x86
		{CEDDA721-4947-42BD-BDB9-A789081FEA2A}.Debug|x86.Build.0 = Debug|x86
		{CEDDA721-4947-42BD-BDB9-A789081FEA2A}.Release|x86.ActiveCfg = Release|x86
		{CEDDA721-4947-42BD-BDB9-A789081FEA2A}.Release|x86.Build.0 = Release|x86
	EndGlobalSection
EndGlobal
